
Microsoft Visual Studio Solution File, Format Version 12.00
# Visual Studio Version 16
VisualStudioVersion = 16.0.30404.54
MinimumVisualStudioVersion = 10.0.40219.1
Project("{FAE04EC0-301F-11D3-BF4B-00C04F79EFBC}") = "Microsoft.Authentication.WebAssembly.AppService", "Microsoft.Authentication.WebAssembly.AppService\Microsoft.Authentication.WebAssembly.AppService.csproj", "{7F186EA5-90A4-4FE9-970B-423074B4FB5A}"
EndProject
Global
	GlobalSection(SolutionConfigurationPlatforms) = preSolution
		Debug|Any CPU = Debug|Any CPU
		Release|Any CPU = Release|Any CPU
	EndGlobalSection
	GlobalSection(ProjectConfigurationPlatforms) = postSolution
		{7F186EA5-90A4-4FE9-970B-423074B4FB5A}.Debug|Any CPU.ActiveCfg = Debug|Any CPU
		{7F186EA5-90A4-4FE9-970B-423074B4FB5A}.Debug|Any CPU.Build.0 = Debug|Any CPU
		{7F186EA5-90A4-4FE9-970B-423074B4FB5A}.Release|Any CPU.ActiveCfg = Release|Any CPU
		{7F186EA5-90A4-4FE9-970B-423074B4FB5A}.Release|Any CPU.Build.0 = Release|Any CPU
	EndGlobalSection
	GlobalSection(SolutionProperties) = preSolution
		HideSolutionNode = FALSE
	EndGlobalSection
	GlobalSection(ExtensibilityGlobals) = postSolution
		SolutionGuid = {0F7DA841-5EE5-439D-9451-7062561FC51F}
	EndGlobalSection
EndGlobal
